
Microsoft Visual Studio Solution File, Format Version 12.00
# Visual Studio Version 16
VisualStudioVersion = 16.0.30717.126
MinimumVisualStudioVersion = 10.0.40219.1
Project("{888888A0-9F3D-457C-B088-3A5042F75D52}") = "DoAnCK", "DoAnCK\DoAnCK.pyproj", "{F39794FF-6C44-4A26-8DE0-74A190153BEF}"
EndProject
Global
	GlobalSection(SolutionConfigurationPlatforms) = preSolution
		Debug|Any CPU = Debug|Any CPU
		Release|Any CPU = Release|Any CPU
	EndGlobalSection
	GlobalSection(ProjectConfigurationPlatforms) = postSolution
		{F39794FF-6C44-4A26-8DE0-74A190153BEF}.Debug|Any CPU.ActiveCfg = Debug|Any CPU
		{F39794FF-6C44-4A26-8DE0-74A190153BEF}.Release|Any CPU.ActiveCfg = Release|Any CPU
	EndGlobalSection
	GlobalSection(SolutionProperties) = preSolution
		HideSolutionNode = FALSE
	EndGlobalSection
	GlobalSection(ExtensibilityGlobals) = postSolution
		SolutionGuid = {72FC9366-28B6-43F3-AC7B-4C6BF4170328}
	EndGlobalSection
EndGlobal
