
Microsoft Visual Studio Solution File, Format Version 12.00
# Visual Studio Version 16
VisualStudioVersion = 16.0.30907.101
MinimumVisualStudioVersion = 10.0.40219.1
Project("{8BC9CEB8-8B4A-11D0-8D11-00A0C91BC942}") = "Bai01", "Bai01\Bai01.vcxproj", "{A0AE0A35-DC9B-45E7-A1EA-68AA5513A94B}"
EndProject
Project("{8BC9CEB8-8B4A-11D0-8D11-00A0C91BC942}") = "bai02", "bai02\bai02.vcxproj", "{1F453487-342E-4A59-87B6-D20314FA482F}"
EndProject
Project("{8BC9CEB8-8B4A-11D0-8D11-00A0C91BC942}") = "bai03", "bai03\bai03.vcxproj", "{C3A2CC4A-8667-4960-9A94-C1D023A573BF}"
EndProject
Global
	GlobalSection(SolutionConfigurationPlatforms) = preSolution
		Debug|x64 = Debug|x64
		Debug|x86 = Debug|x86
		Release|x64 = Release|x64
		Release|x86 = Release|x86
	EndGlobalSection
	GlobalSection(ProjectConfigurationPlatforms) = postSolution
		{A0AE0A35-DC9B-45E7-A1EA-68AA5513A94B}.Debug|x64.ActiveCfg = Debug|x64
		{A0AE0A35-DC9B-45E7-A1EA-68AA5513A94B}.Debug|x64.Build.0 = Debug|x64
		{A0AE0A35-DC9B-45E7-A1EA-68AA5513A94B}.Debug|x86.ActiveCfg = Debug|Win32
		{A0AE0A35-DC9B-45E7-A1EA-68AA5513A94B}.Debug|x86.Build.0 = Debug|Win32
		{A0AE0A35-DC9B-45E7-A1EA-68AA5513A94B}.Release|x64.ActiveCfg = Release|x64
		{A0AE0A35-DC9B-45E7-A1EA-68AA5513A94B}.Release|x64.Build.0 = Release|x64
		{A0AE0A35-DC9B-45E7-A1EA-68AA5513A94B}.Release|x86.ActiveCfg = Release|Win32
		{A0AE0A35-DC9B-45E7-A1EA-68AA5513A94B}.Release|x86.Build.0 = Release|Win32
		{1F453487-342E-4A59-87B6-D20314FA482F}.Debug|x64.ActiveCfg = Debug|x64
		{1F453487-342E-4A59-87B6-D20314FA482F}.Debug|x64.Build.0 = Debug|x64
		{1F453487-342E-4A59-87B6-D20314FA482F}.Debug|x86.ActiveCfg = Debug|Win32
		{1F453487-342E-4A59-87B6-D20314FA482F}.Debug|x86.Build.0 = Debug|Win32
		{1F453487-342E-4A59-87B6-D20314FA482F}.Release|x64.ActiveCfg = Release|x64
		{1F453487-342E-4A59-87B6-D20314FA482F}.Release|x64.Build.0 = Release|x64
		{1F453487-342E-4A59-87B6-D20314FA482F}.Release|x86.ActiveCfg = Release|Win32
		{1F453487-342E-4A59-87B6-D20314FA482F}.Release|x86.Build.0 = Release|Win32
		{C3A2CC4A-8667-4960-9A94-C1D023A573BF}.Debug|x64.ActiveCfg = Debug|x64
		{C3A2CC4A-8667-4960-9A94-C1D023A573BF}.Debug|x64.Build.0 = Debug|x64
		{C3A2CC4A-8667-4960-9A94-C1D023A573BF}.Debug|x86.ActiveCfg = Debug|Win32
		{C3A2CC4A-8667-4960-9A94-C1D023A573BF}.Debug|x86.Build.0 = Debug|Win32
		{C3A2CC4A-8667-4960-9A94-C1D023A573BF}.Release|x64.ActiveCfg = Release|x64
		{C3A2CC4A-8667-4960-9A94-C1D023A573BF}.Release|x64.Build.0 = Release|x64
		{C3A2CC4A-8667-4960-9A94-C1D023A573BF}.Release|x86.ActiveCfg = Release|Win32
		{C3A2CC4A-8667-4960-9A94-C1D023A573BF}.Release|x86.Build.0 = Release|Win32
	EndGlobalSection
	GlobalSection(SolutionProperties) = preSolution
		HideSolutionNode = FALSE
	EndGlobalSection
	GlobalSection(ExtensibilityGlobals) = postSolution
		SolutionGuid = {2B80B97F-F3C1-45DE-8111-FB0992913D52}
	EndGlobalSection
EndGlobal
